
Microsoft Visual Studio Solution File, Format Version 12.00
# Visual Studio Version 17
VisualStudioVersion = 17.8.34511.84
MinimumVisualStudioVersion = 10.0.40219.1
Project("{9A19103F-16F7-4668-BE54-9A1E7A4F7556}") = "Calculos", "Calculos.csproj", "{73B23FF2-45B2-4820-853E-455A3D8B0840}"
EndProject
Project("{9A19103F-16F7-4668-BE54-9A1E7A4F7556}") = "Calculos.Test", "..\Calculos.Test\Calculos.Test.csproj", "{689A6AD8-7F97-47BE-B6E9-04574978AED5}"
EndProject
Project("{9A19103F-16F7-4668-BE54-9A1E7A4F7556}") = "Library", "..\Library\Library.csproj", "{05FC1D62-72E0-464C-B941-3034D1CCF8A3}"
EndProject
Project("{9A19103F-16F7-4668-BE54-9A1E7A4F7556}") = "Library.Test", "..\Library.Test\Library.Test.csproj", "{3FC6D674-E12D-49DF-ABD4-B924E8463607}"
EndProject
Project("{9A19103F-16F7-4668-BE54-9A1E7A4F7556}") = "Email", "..\Email\Email.csproj", "{7BFDDC90-CC5D-4391-B02A-308B04DAE2DC}"
EndProject
Project("{9A19103F-16F7-4668-BE54-9A1E7A4F7556}") = "Email.Test", "..\Email.Test\Email.Test.csproj", "{12BDE401-5495-40CF-BC42-63BE6A618661}"
EndProject
Project("{FAE04EC0-301F-11D3-BF4B-00C04F79EFBC}") = "Temperature", "..\Temperature\Temperature.csproj", "{F9E6A264-6D5D-4905-8C87-1FE4EAD08FDD}"
EndProject
Project("{FAE04EC0-301F-11D3-BF4B-00C04F79EFBC}") = "Temperature.Test", "..\Temperature.Test\Temperature.Test.csproj", "{19841A28-D40B-4494-922C-BBC4BF137175}"
EndProject
Project("{FAE04EC0-301F-11D3-BF4B-00C04F79EFBC}") = "Inventory", "..\Inventory\Inventory.csproj", "{192EEF09-A6BE-44FD-AF3B-2E0B3ECAF57A}"
EndProject
Project("{FAE04EC0-301F-11D3-BF4B-00C04F79EFBC}") = "Inventory.Test", "..\Inventory.Test\Inventory.Test.csproj", "{0A6D994A-A0F7-4F59-92E5-17A3124A0273}"
EndProject
Global
	GlobalSection(SolutionConfigurationPlatforms) = preSolution
		Debug|Any CPU = Debug|Any CPU
		Release|Any CPU = Release|Any CPU
	EndGlobalSection
	GlobalSection(ProjectConfigurationPlatforms) = postSolution
		{73B23FF2-45B2-4820-853E-455A3D8B0840}.Debug|Any CPU.ActiveCfg = Debug|Any CPU
		{73B23FF2-45B2-4820-853E-455A3D8B0840}.Debug|Any CPU.Build.0 = Debug|Any CPU
		{73B23FF2-45B2-4820-853E-455A3D8B0840}.Release|Any CPU.ActiveCfg = Release|Any CPU
		{73B23FF2-45B2-4820-853E-455A3D8B0840}.Release|Any CPU.Build.0 = Release|Any CPU
		{689A6AD8-7F97-47BE-B6E9-04574978AED5}.Debug|Any CPU.ActiveCfg = Debug|Any CPU
		{689A6AD8-7F97-47BE-B6E9-04574978AED5}.Debug|Any CPU.Build.0 = Debug|Any CPU
		{689A6AD8-7F97-47BE-B6E9-04574978AED5}.Release|Any CPU.ActiveCfg = Release|Any CPU
		{689A6AD8-7F97-47BE-B6E9-04574978AED5}.Release|Any CPU.Build.0 = Release|Any CPU
		{05FC1D62-72E0-464C-B941-3034D1CCF8A3}.Debug|Any CPU.ActiveCfg = Debug|Any CPU
		{05FC1D62-72E0-464C-B941-3034D1CCF8A3}.Debug|Any CPU.Build.0 = Debug|Any CPU
		{05FC1D62-72E0-464C-B941-3034D1CCF8A3}.Release|Any CPU.ActiveCfg = Release|Any CPU
		{05FC1D62-72E0-464C-B941-3034D1CCF8A3}.Release|Any CPU.Build.0 = Release|Any CPU
		{3FC6D674-E12D-49DF-ABD4-B924E8463607}.Debug|Any CPU.ActiveCfg = Debug|Any CPU
		{3FC6D674-E12D-49DF-ABD4-B924E8463607}.Debug|Any CPU.Build.0 = Debug|Any CPU
		{3FC6D674-E12D-49DF-ABD4-B924E8463607}.Release|Any CPU.ActiveCfg = Release|Any CPU
		{3FC6D674-E12D-49DF-ABD4-B924E8463607}.Release|Any CPU.Build.0 = Release|Any CPU
		{7BFDDC90-CC5D-4391-B02A-308B04DAE2DC}.Debug|Any CPU.ActiveCfg = Debug|Any CPU
		{7BFDDC90-CC5D-4391-B02A-308B04DAE2DC}.Debug|Any CPU.Build.0 = Debug|Any CPU
		{7BFDDC90-CC5D-4391-B02A-308B04DAE2DC}.Release|Any CPU.ActiveCfg = Release|Any CPU
		{7BFDDC90-CC5D-4391-B02A-308B04DAE2DC}.Release|Any CPU.Build.0 = Release|Any CPU
		{12BDE401-5495-40CF-BC42-63BE6A618661}.Debug|Any CPU.ActiveCfg = Debug|Any CPU
		{12BDE401-5495-40CF-BC42-63BE6A618661}.Debug|Any CPU.Build.0 = Debug|Any CPU
		{12BDE401-5495-40CF-BC42-63BE6A618661}.Release|Any CPU.ActiveCfg = Release|Any CPU
		{12BDE401-5495-40CF-BC42-63BE6A618661}.Release|Any CPU.Build.0 = Release|Any CPU
		{F9E6A264-6D5D-4905-8C87-1FE4EAD08FDD}.Debug|Any CPU.ActiveCfg = Debug|Any CPU
		{F9E6A264-6D5D-4905-8C87-1FE4EAD08FDD}.Debug|Any CPU.Build.0 = Debug|Any CPU
		{F9E6A264-6D5D-4905-8C87-1FE4EAD08FDD}.Release|Any CPU.ActiveCfg = Release|Any CPU
		{F9E6A264-6D5D-4905-8C87-1FE4EAD08FDD}.Release|Any CPU.Build.0 = Release|Any CPU
		{19841A28-D40B-4494-922C-BBC4BF137175}.Debug|Any CPU.ActiveCfg = Debug|Any CPU
		{19841A28-D40B-4494-922C-BBC4BF137175}.Debug|Any CPU.Build.0 = Debug|Any CPU
		{19841A28-D40B-4494-922C-BBC4BF137175}.Release|Any CPU.ActiveCfg = Release|Any CPU
		{19841A28-D40B-4494-922C-BBC4BF137175}.Release|Any CPU.Build.0 = Release|Any CPU
		{192EEF09-A6BE-44FD-AF3B-2E0B3ECAF57A}.Debug|Any CPU.ActiveCfg = Debug|Any CPU
		{192EEF09-A6BE-44FD-AF3B-2E0B3ECAF57A}.Debug|Any CPU.Build.0 = Debug|Any CPU
		{192EEF09-A6BE-44FD-AF3B-2E0B3ECAF57A}.Release|Any CPU.ActiveCfg = Release|Any CPU
		{192EEF09-A6BE-44FD-AF3B-2E0B3ECAF57A}.Release|Any CPU.Build.0 = Release|Any CPU
		{0A6D994A-A0F7-4F59-92E5-17A3124A0273}.Debug|Any CPU.ActiveCfg = Debug|Any CPU
		{0A6D994A-A0F7-4F59-92E5-17A3124A0273}.Debug|Any CPU.Build.0 = Debug|Any CPU
		{0A6D994A-A0F7-4F59-92E5-17A3124A0273}.Release|Any CPU.ActiveCfg = Release|Any CPU
		{0A6D994A-A0F7-4F59-92E5-17A3124A0273}.Release|Any CPU.Build.0 = Release|Any CPU
	EndGlobalSection
	GlobalSection(SolutionProperties) = preSolution
		HideSolutionNode = FALSE
	EndGlobalSection
	GlobalSection(ExtensibilityGlobals) = postSolution
		SolutionGuid = {AB66355C-69BC-4CF5-9005-6FBA6161258B}
	EndGlobalSection
EndGlobal
